
Microsoft Visual Studio Solution File, Format Version 12.00
# Visual Studio 15
VisualStudioVersion = 15.0.27130.2036
MinimumVisualStudioVersion = 10.0.40219.1
Project("{FAE04EC0-301F-11D3-BF4B-00C04F79EFBC}") = "HttpClientConsoleApp", "HttpClientConsoleApp\HttpClientConsoleApp.csproj", "{B27EA7AF-A18B-4EBE-99E1-50E974AB12BD}"
EndProject
Global
	GlobalSection(SolutionConfigurationPlatforms) = preSolution
		Debug|Any CPU = Debug|Any CPU
		Release|Any CPU = Release|Any CPU
	EndGlobalSection
	GlobalSection(ProjectConfigurationPlatforms) = postSolution
		{B27EA7AF-A18B-4EBE-99E1-50E974AB12BD}.Debug|Any CPU.ActiveCfg = Debug|Any CPU
		{B27EA7AF-A18B-4EBE-99E1-50E974AB12BD}.Debug|Any CPU.Build.0 = Debug|Any CPU
		{B27EA7AF-A18B-4EBE-99E1-50E974AB12BD}.Release|Any CPU.ActiveCfg = Release|Any CPU
		{B27EA7AF-A18B-4EBE-99E1-50E974AB12BD}.Release|Any CPU.Build.0 = Release|Any CPU
	EndGlobalSection
	GlobalSection(SolutionProperties) = preSolution
		HideSolutionNode = FALSE
	EndGlobalSection
	GlobalSection(ExtensibilityGlobals) = postSolution
		SolutionGuid = {67694448-4E3E-4B57-A45D-5ED0E6EB072B}
	EndGlobalSection
EndGlobal
